// !$*UTF8*$!
{
	archiveVersion = 1;
	classes = {
	};
	objectVersion = 56;
	objects = {

/* Begin PBXBuildFile section */
		0181F7532BA37629008CB43D /* HomeView.swift in Sources */ = {isa = PBXBuildFile; fileRef = 0181F7522BA37629008CB43D /* HomeView.swift */; };
		01C3F08A2BC327E900B88E53 /* JournalView.swift in Sources */ = {isa = PBXBuildFile; fileRef = 01C3F0892BC327E900B88E53 /* JournalView.swift */; };
		01C3F0912BC329F900B88E53 /* DataController.swift in Sources */ = {isa = PBXBuildFile; fileRef = 01C3F0902BC329F900B88E53 /* DataController.swift */; };
		01C3F0942BC32A9000B88E53 /* EntryData.swift in Sources */ = {isa = PBXBuildFile; fileRef = 01C3F0932BC32A9000B88E53 /* EntryData.swift */; };
		01C3F0962BC32AA700B88E53 /* TimeFormatting.swift in Sources */ = {isa = PBXBuildFile; fileRef = 01C3F0952BC32AA700B88E53 /* TimeFormatting.swift */; };
		01C3F0982BC32AD300B88E53 /* DateFormatting.swift in Sources */ = {isa = PBXBuildFile; fileRef = 01C3F0972BC32AD300B88E53 /* DateFormatting.swift */; };
		01C3F09A2BC32B2C00B88E53 /* TempData.swift in Sources */ = {isa = PBXBuildFile; fileRef = 01C3F0992BC32B2C00B88E53 /* TempData.swift */; };
		01C3F09D2BC3353800B88E53 /* JournalModel.xcdatamodeld in Sources */ = {isa = PBXBuildFile; fileRef = 01C3F09B2BC3353800B88E53 /* JournalModel.xcdatamodeld */; };
		89234A542B9A41F900382CCD /* NotificationsView.swift in Sources */ = {isa = PBXBuildFile; fileRef = 89234A532B9A41F900382CCD /* NotificationsView.swift */; };
		892610752BB09F2700A44F0C /* EntryView.swift in Sources */ = {isa = PBXBuildFile; fileRef = 892610742BB09F2700A44F0C /* EntryView.swift */; };
		8944A4562B8D27E500547EDF /* MoodView.swift in Sources */ = {isa = PBXBuildFile; fileRef = 8944A4552B8D27E500547EDF /* MoodView.swift */; };
		8944A45A2B8D329700547EDF /* SettingsView.swift in Sources */ = {isa = PBXBuildFile; fileRef = 8944A4592B8D329700547EDF /* SettingsView.swift */; };
		8944A45C2B8D32E300547EDF /* NewEntryView.swift in Sources */ = {isa = PBXBuildFile; fileRef = 8944A45B2B8D32E300547EDF /* NewEntryView.swift */; };
		8963DE182BB3AE0200295884 /* CalendarTestView.swift in Sources */ = {isa = PBXBuildFile; fileRef = 8963DE172BB3AE0200295884 /* CalendarTestView.swift */; };
		89BC069A2B8A70F300F11463 /* mindful_momentsApp.swift in Sources */ = {isa = PBXBuildFile; fileRef = 89BC06992B8A70F300F11463 /* mindful_momentsApp.swift */; };
		89BC069C2B8A70F300F11463 /* ContentView.swift in Sources */ = {isa = PBXBuildFile; fileRef = 89BC069B2B8A70F300F11463 /* ContentView.swift */; };
		89BC069E2B8A70F600F11463 /* Assets.xcassets in Resources */ = {isa = PBXBuildFile; fileRef = 89BC069D2B8A70F600F11463 /* Assets.xcassets */; };
		89BC06A12B8A70F600F11463 /* Preview Assets.xcassets in Resources */ = {isa = PBXBuildFile; fileRef = 89BC06A02B8A70F600F11463 /* Preview Assets.xcassets */; };
		89BC06AB2B8A70F700F11463 /* mindful_momentsTests.swift in Sources */ = {isa = PBXBuildFile; fileRef = 89BC06AA2B8A70F700F11463 /* mindful_momentsTests.swift */; };
		89BC06B52B8A70F700F11463 /* mindful_momentsUITests.swift in Sources */ = {isa = PBXBuildFile; fileRef = 89BC06B42B8A70F700F11463 /* mindful_momentsUITests.swift */; };
		89BC06B72B8A70F700F11463 /* mindful_momentsUITestsLaunchTests.swift in Sources */ = {isa = PBXBuildFile; fileRef = 89BC06B62B8A70F700F11463 /* mindful_momentsUITestsLaunchTests.swift */; };
		89E6931B2BC27E6C0089BC00 /* prompts.swift in Sources */ = {isa = PBXBuildFile; fileRef = 89E6931A2BC27E6C0089BC00 /* prompts.swift */; };
		89F229442BB65D3C0057A5FA /* textProcessing.swift in Sources */ = {isa = PBXBuildFile; fileRef = 89F229432BB65D3C0057A5FA /* textProcessing.swift */; };
/* End PBXBuildFile section */

/* Begin PBXContainerItemProxy section */
		89BC06A72B8A70F700F11463 /* PBXContainerItemProxy */ = {
			isa = PBXContainerItemProxy;
			containerPortal = 89BC068E2B8A70F300F11463 /* Project object */;
			proxyType = 1;
			remoteGlobalIDString = 89BC06952B8A70F300F11463;
			remoteInfo = "mindful-moments";
		};
		89BC06B12B8A70F700F11463 /* PBXContainerItemProxy */ = {
			isa = PBXContainerItemProxy;
			containerPortal = 89BC068E2B8A70F300F11463 /* Project object */;
			proxyType = 1;
			remoteGlobalIDString = 89BC06952B8A70F300F11463;
			remoteInfo = "mindful-moments";
		};
/* End PBXContainerItemProxy section */

/* Begin PBXFileReference section */
		0181F7522BA37629008CB43D /* HomeView.swift */ = {isa = PBXFileReference; lastKnownFileType = sourcecode.swift; path = HomeView.swift; sourceTree = "<group>"; };
		01C3F0892BC327E900B88E53 /* JournalView.swift */ = {isa = PBXFileReference; lastKnownFileType = sourcecode.swift; path = JournalView.swift; sourceTree = "<group>"; };
		01C3F0902BC329F900B88E53 /* DataController.swift */ = {isa = PBXFileReference; lastKnownFileType = sourcecode.swift; path = DataController.swift; sourceTree = "<group>"; };
		01C3F0932BC32A9000B88E53 /* EntryData.swift */ = {isa = PBXFileReference; lastKnownFileType = sourcecode.swift; path = EntryData.swift; sourceTree = "<group>"; };
		01C3F0952BC32AA700B88E53 /* TimeFormatting.swift */ = {isa = PBXFileReference; lastKnownFileType = sourcecode.swift; path = TimeFormatting.swift; sourceTree = "<group>"; };
		01C3F0972BC32AD300B88E53 /* DateFormatting.swift */ = {isa = PBXFileReference; lastKnownFileType = sourcecode.swift; path = DateFormatting.swift; sourceTree = "<group>"; };
		01C3F0992BC32B2C00B88E53 /* TempData.swift */ = {isa = PBXFileReference; lastKnownFileType = sourcecode.swift; path = TempData.swift; sourceTree = "<group>"; };
		01C3F09C2BC3353800B88E53 /* JournalModel.xcdatamodel */ = {isa = PBXFileReference; lastKnownFileType = wrapper.xcdatamodel; path = JournalModel.xcdatamodel; sourceTree = "<group>"; };
		89234A532B9A41F900382CCD /* NotificationsView.swift */ = {isa = PBXFileReference; lastKnownFileType = sourcecode.swift; path = NotificationsView.swift; sourceTree = "<group>"; };
		892610742BB09F2700A44F0C /* EntryView.swift */ = {isa = PBXFileReference; lastKnownFileType = sourcecode.swift; path = EntryView.swift; sourceTree = "<group>"; };
		8944A4552B8D27E500547EDF /* MoodView.swift */ = {isa = PBXFileReference; lastKnownFileType = sourcecode.swift; path = MoodView.swift; sourceTree = "<group>"; };
		8944A4592B8D329700547EDF /* SettingsView.swift */ = {isa = PBXFileReference; lastKnownFileType = sourcecode.swift; path = SettingsView.swift; sourceTree = "<group>"; };
		8944A45B2B8D32E300547EDF /* NewEntryView.swift */ = {isa = PBXFileReference; lastKnownFileType = sourcecode.swift; path = NewEntryView.swift; sourceTree = "<group>"; };
		8963DE172BB3AE0200295884 /* CalendarTestView.swift */ = {isa = PBXFileReference; lastKnownFileType = sourcecode.swift; path = CalendarTestView.swift; sourceTree = "<group>"; };
		89BC06962B8A70F300F11463 /* mindful-moments.app */ = {isa = PBXFileReference; explicitFileType = wrapper.application; includeInIndex = 0; path = "mindful-moments.app"; sourceTree = BUILT_PRODUCTS_DIR; };
		89BC06992B8A70F300F11463 /* mindful_momentsApp.swift */ = {isa = PBXFileReference; lastKnownFileType = sourcecode.swift; path = mindful_momentsApp.swift; sourceTree = "<group>"; };
		89BC069B2B8A70F300F11463 /* ContentView.swift */ = {isa = PBXFileReference; lastKnownFileType = sourcecode.swift; path = ContentView.swift; sourceTree = "<group>"; };
		89BC069D2B8A70F600F11463 /* Assets.xcassets */ = {isa = PBXFileReference; lastKnownFileType = folder.assetcatalog; path = Assets.xcassets; sourceTree = "<group>"; };
		89BC06A02B8A70F600F11463 /* Preview Assets.xcassets */ = {isa = PBXFileReference; lastKnownFileType = folder.assetcatalog; path = "Preview Assets.xcassets"; sourceTree = "<group>"; };
		89BC06A62B8A70F700F11463 /* mindful-momentsTests.xctest */ = {isa = PBXFileReference; explicitFileType = wrapper.cfbundle; includeInIndex = 0; path = "mindful-momentsTests.xctest"; sourceTree = BUILT_PRODUCTS_DIR; };
		89BC06AA2B8A70F700F11463 /* mindful_momentsTests.swift */ = {isa = PBXFileReference; lastKnownFileType = sourcecode.swift; path = mindful_momentsTests.swift; sourceTree = "<group>"; };
		89BC06B02B8A70F700F11463 /* mindful-momentsUITests.xctest */ = {isa = PBXFileReference; explicitFileType = wrapper.cfbundle; includeInIndex = 0; path = "mindful-momentsUITests.xctest"; sourceTree = BUILT_PRODUCTS_DIR; };
		89BC06B42B8A70F700F11463 /* mindful_momentsUITests.swift */ = {isa = PBXFileReference; lastKnownFileType = sourcecode.swift; path = mindful_momentsUITests.swift; sourceTree = "<group>"; };
		89BC06B62B8A70F700F11463 /* mindful_momentsUITestsLaunchTests.swift */ = {isa = PBXFileReference; lastKnownFileType = sourcecode.swift; path = mindful_momentsUITestsLaunchTests.swift; sourceTree = "<group>"; };
		89E6931A2BC27E6C0089BC00 /* prompts.swift */ = {isa = PBXFileReference; lastKnownFileType = sourcecode.swift; path = prompts.swift; sourceTree = "<group>"; };
		89F229432BB65D3C0057A5FA /* textProcessing.swift */ = {isa = PBXFileReference; lastKnownFileType = sourcecode.swift; path = textProcessing.swift; sourceTree = "<group>"; };
/* End PBXFileReference section */

/* Begin PBXFrameworksBuildPhase section */
		89BC06932B8A70F300F11463 /* Frameworks */ = {
			isa = PBXFrameworksBuildPhase;
			buildActionMask = 2147483647;
			files = (
			);
			runOnlyForDeploymentPostprocessing = 0;
		};
		89BC06A32B8A70F700F11463 /* Frameworks */ = {
			isa = PBXFrameworksBuildPhase;
			buildActionMask = 2147483647;
			files = (
			);
			runOnlyForDeploymentPostprocessing = 0;
		};
		89BC06AD2B8A70F700F11463 /* Frameworks */ = {
			isa = PBXFrameworksBuildPhase;
			buildActionMask = 2147483647;
			files = (
			);
			runOnlyForDeploymentPostprocessing = 0;
		};
/* End PBXFrameworksBuildPhase section */

/* Begin PBXGroup section */
		01C3F08C2BC3287400B88E53 /* DataModel */ = {
			isa = PBXGroup;
			children = (
				01C3F0902BC329F900B88E53 /* DataController.swift */,
				01C3F0992BC32B2C00B88E53 /* TempData.swift */,
				01C3F09B2BC3353800B88E53 /* JournalModel.xcdatamodeld */,
			);
			path = DataModel;
			sourceTree = "<group>";
		};
		01C3F0922BC32A3B00B88E53 /* Helpers */ = {
			isa = PBXGroup;
			children = (
				01C3F0932BC32A9000B88E53 /* EntryData.swift */,
				01C3F0952BC32AA700B88E53 /* TimeFormatting.swift */,
				01C3F0972BC32AD300B88E53 /* DateFormatting.swift */,
			);
			path = Helpers;
			sourceTree = "<group>";
		};
		8963DE122BB3A35100295884 /* Views */ = {
			isa = PBXGroup;
			children = (
				0181F7522BA37629008CB43D /* HomeView.swift */,
				8944A4592B8D329700547EDF /* SettingsView.swift */,
				89234A532B9A41F900382CCD /* NotificationsView.swift */,
				8944A45B2B8D32E300547EDF /* NewEntryView.swift */,
				892610742BB09F2700A44F0C /* EntryView.swift */,
				89BC069B2B8A70F300F11463 /* ContentView.swift */,
				8944A4552B8D27E500547EDF /* MoodView.swift */,
				8963DE172BB3AE0200295884 /* CalendarTestView.swift */,
				01C3F0892BC327E900B88E53 /* JournalView.swift */,
			);
			path = Views;
			sourceTree = "<group>";
		};
		89BC068D2B8A70F300F11463 = {
			isa = PBXGroup;
			children = (
				89BC06982B8A70F300F11463 /* mindful-moments */,
				89BC06A92B8A70F700F11463 /* mindful-momentsTests */,
				89BC06B32B8A70F700F11463 /* mindful-momentsUITests */,
				89BC06972B8A70F300F11463 /* Products */,
			);
			sourceTree = "<group>";
		};
		89BC06972B8A70F300F11463 /* Products */ = {
			isa = PBXGroup;
			children = (
				89BC06962B8A70F300F11463 /* mindful-moments.app */,
				89BC06A62B8A70F700F11463 /* mindful-momentsTests.xctest */,
				89BC06B02B8A70F700F11463 /* mindful-momentsUITests.xctest */,
			);
			name = Products;
			sourceTree = "<group>";
		};
		89BC06982B8A70F300F11463 /* mindful-moments */ = {
			isa = PBXGroup;
			children = (
				89BC06992B8A70F300F11463 /* mindful_momentsApp.swift */,
				01C3F08C2BC3287400B88E53 /* DataModel */,
				01C3F0922BC32A3B00B88E53 /* Helpers */,
				89E693192BC27E530089BC00 /* Prompts */,
				89F229402BB65D0A0057A5FA /* MoodAnalysis */,
				8963DE122BB3A35100295884 /* Views */,
				89BC069D2B8A70F600F11463 /* Assets.xcassets */,
				89BC069F2B8A70F600F11463 /* Preview Content */,
			);
			path = "mindful-moments";
			sourceTree = "<group>";
		};
		89BC069F2B8A70F600F11463 /* Preview Content */ = {
			isa = PBXGroup;
			children = (
				89BC06A02B8A70F600F11463 /* Preview Assets.xcassets */,
			);
			path = "Preview Content";
			sourceTree = "<group>";
		};
		89BC06A92B8A70F700F11463 /* mindful-momentsTests */ = {
			isa = PBXGroup;
			children = (
				89BC06AA2B8A70F700F11463 /* mindful_momentsTests.swift */,
			);
			path = "mindful-momentsTests";
			sourceTree = "<group>";
		};
		89BC06B32B8A70F700F11463 /* mindful-momentsUITests */ = {
			isa = PBXGroup;
			children = (
				89BC06B42B8A70F700F11463 /* mindful_momentsUITests.swift */,
				89BC06B62B8A70F700F11463 /* mindful_momentsUITestsLaunchTests.swift */,
			);
			path = "mindful-momentsUITests";
			sourceTree = "<group>";
		};
		89E693192BC27E530089BC00 /* Prompts */ = {
			isa = PBXGroup;
			children = (
				89E6931A2BC27E6C0089BC00 /* prompts.swift */,
			);
			path = Prompts;
			sourceTree = "<group>";
		};
		89F229402BB65D0A0057A5FA /* MoodAnalysis */ = {
			isa = PBXGroup;
			children = (
				89F229432BB65D3C0057A5FA /* textProcessing.swift */,
			);
			path = MoodAnalysis;
			sourceTree = "<group>";
		};
/* End PBXGroup section */

/* Begin PBXNativeTarget section */
		89BC06952B8A70F300F11463 /* mindful-moments */ = {
			isa = PBXNativeTarget;
			buildConfigurationList = 89BC06BA2B8A70F700F11463 /* Build configuration list for PBXNativeTarget "mindful-moments" */;
			buildPhases = (
				89BC06922B8A70F300F11463 /* Sources */,
				89BC06932B8A70F300F11463 /* Frameworks */,
				89BC06942B8A70F300F11463 /* Resources */,
			);
			buildRules = (
			);
			dependencies = (
			);
			name = "mindful-moments";
			productName = "mindful-moments";
			productReference = 89BC06962B8A70F300F11463 /* mindful-moments.app */;
			productType = "com.apple.product-type.application";
		};
		89BC06A52B8A70F700F11463 /* mindful-momentsTests */ = {
			isa = PBXNativeTarget;
			buildConfigurationList = 89BC06BD2B8A70F700F11463 /* Build configuration list for PBXNativeTarget "mindful-momentsTests" */;
			buildPhases = (
				89BC06A22B8A70F700F11463 /* Sources */,
				89BC06A32B8A70F700F11463 /* Frameworks */,
				89BC06A42B8A70F700F11463 /* Resources */,
			);
			buildRules = (
			);
			dependencies = (
				89BC06A82B8A70F700F11463 /* PBXTargetDependency */,
			);
			name = "mindful-momentsTests";
			productName = "mindful-momentsTests";
			productReference = 89BC06A62B8A70F700F11463 /* mindful-momentsTests.xctest */;
			productType = "com.apple.product-type.bundle.unit-test";
		};
		89BC06AF2B8A70F700F11463 /* mindful-momentsUITests */ = {
			isa = PBXNativeTarget;
			buildConfigurationList = 89BC06C02B8A70F700F11463 /* Build configuration list for PBXNativeTarget "mindful-momentsUITests" */;
			buildPhases = (
				89BC06AC2B8A70F700F11463 /* Sources */,
				89BC06AD2B8A70F700F11463 /* Frameworks */,
				89BC06AE2B8A70F700F11463 /* Resources */,
			);
			buildRules = (
			);
			dependencies = (
				89BC06B22B8A70F700F11463 /* PBXTargetDependency */,
			);
			name = "mindful-momentsUITests";
			productName = "mindful-momentsUITests";
			productReference = 89BC06B02B8A70F700F11463 /* mindful-momentsUITests.xctest */;
			productType = "com.apple.product-type.bundle.ui-testing";
		};
/* End PBXNativeTarget section */

/* Begin PBXProject section */
		89BC068E2B8A70F300F11463 /* Project object */ = {
			isa = PBXProject;
			attributes = {
				BuildIndependentTargetsInParallel = 1;
				LastSwiftUpdateCheck = 1520;
				LastUpgradeCheck = 1520;
				TargetAttributes = {
					89BC06952B8A70F300F11463 = {
						CreatedOnToolsVersion = 15.2;
					};
					89BC06A52B8A70F700F11463 = {
						CreatedOnToolsVersion = 15.2;
						TestTargetID = 89BC06952B8A70F300F11463;
					};
					89BC06AF2B8A70F700F11463 = {
						CreatedOnToolsVersion = 15.2;
						TestTargetID = 89BC06952B8A70F300F11463;
					};
				};
			};
			buildConfigurationList = 89BC06912B8A70F300F11463 /* Build configuration list for PBXProject "mindful-moments" */;
			compatibilityVersion = "Xcode 14.0";
			developmentRegion = en;
			hasScannedForEncodings = 0;
			knownRegions = (
				en,
				Base,
			);
			mainGroup = 89BC068D2B8A70F300F11463;
			productRefGroup = 89BC06972B8A70F300F11463 /* Products */;
			projectDirPath = "";
			projectRoot = "";
			targets = (
				89BC06952B8A70F300F11463 /* mindful-moments */,
				89BC06A52B8A70F700F11463 /* mindful-momentsTests */,
				89BC06AF2B8A70F700F11463 /* mindful-momentsUITests */,
			);
		};
/* End PBXProject section */

/* Begin PBXResourcesBuildPhase section */
		89BC06942B8A70F300F11463 /* Resources */ = {
			isa = PBXResourcesBuildPhase;
			buildActionMask = 2147483647;
			files = (
				89BC06A12B8A70F600F11463 /* Preview Assets.xcassets in Resources */,
				89BC069E2B8A70F600F11463 /* Assets.xcassets in Resources */,
			);
			runOnlyForDeploymentPostprocessing = 0;
		};
		89BC06A42B8A70F700F11463 /* Resources */ = {
			isa = PBXResourcesBuildPhase;
			buildActionMask = 2147483647;
			files = (
			);
			runOnlyForDeploymentPostprocessing = 0;
		};
		89BC06AE2B8A70F700F11463 /* Resources */ = {
			isa = PBXResourcesBuildPhase;
			buildActionMask = 2147483647;
			files = (
			);
			runOnlyForDeploymentPostprocessing = 0;
		};
/* End PBXResourcesBuildPhase section */

/* Begin PBXSourcesBuildPhase section */
		89BC06922B8A70F300F11463 /* Sources */ = {
			isa = PBXSourcesBuildPhase;
			buildActionMask = 2147483647;
			files = (
				0181F7532BA37629008CB43D /* HomeView.swift in Sources */,
				8944A45C2B8D32E300547EDF /* NewEntryView.swift in Sources */,
				8963DE182BB3AE0200295884 /* CalendarTestView.swift in Sources */,
				89BC069C2B8A70F300F11463 /* ContentView.swift in Sources */,
				89BC069A2B8A70F300F11463 /* mindful_momentsApp.swift in Sources */,
				89E6931B2BC27E6C0089BC00 /* prompts.swift in Sources */,
				01C3F08A2BC327E900B88E53 /* JournalView.swift in Sources */,
				01C3F0912BC329F900B88E53 /* DataController.swift in Sources */,
				8944A45A2B8D329700547EDF /* SettingsView.swift in Sources */,
				01C3F09A2BC32B2C00B88E53 /* TempData.swift in Sources */,
				01C3F0962BC32AA700B88E53 /* TimeFormatting.swift in Sources */,
				01C3F09D2BC3353800B88E53 /* JournalModel.xcdatamodeld in Sources */,
				01C3F0942BC32A9000B88E53 /* EntryData.swift in Sources */,
				892610752BB09F2700A44F0C /* EntryView.swift in Sources */,
				89F229442BB65D3C0057A5FA /* textProcessing.swift in Sources */,
				01C3F0982BC32AD300B88E53 /* DateFormatting.swift in Sources */,
				8944A4562B8D27E500547EDF /* MoodView.swift in Sources */,
				89234A542B9A41F900382CCD /* NotificationsView.swift in Sources */,
			);
			runOnlyForDeploymentPostprocessing = 0;
		};
		89BC06A22B8A70F700F11463 /* Sources */ = {
			isa = PBXSourcesBuildPhase;
			buildActionMask = 2147483647;
			files = (
				89BC06AB2B8A70F700F11463 /* mindful_momentsTests.swift in Sources */,
			);
			runOnlyForDeploymentPostprocessing = 0;
		};
		89BC06AC2B8A70F700F11463 /* Sources */ = {
			isa = PBXSourcesBuildPhase;
			buildActionMask = 2147483647;
			files = (
				89BC06B72B8A70F700F11463 /* mindful_momentsUITestsLaunchTests.swift in Sources */,
				89BC06B52B8A70F700F11463 /* mindful_momentsUITests.swift in Sources */,
			);
			runOnlyForDeploymentPostprocessing = 0;
		};
/* End PBXSourcesBuildPhase section */

/* Begin PBXTargetDependency section */
		89BC06A82B8A70F700F11463 /* PBXTargetDependency */ = {
			isa = PBXTargetDependency;
			target = 89BC06952B8A70F300F11463 /* mindful-moments */;
			targetProxy = 89BC06A72B8A70F700F11463 /* PBXContainerItemProxy */;
		};
		89BC06B22B8A70F700F11463 /* PBXTargetDependency */ = {
			isa = PBXTargetDependency;
			target = 89BC06952B8A70F300F11463 /* mindful-moments */;
			targetProxy = 89BC06B12B8A70F700F11463 /* PBXContainerItemProxy */;
		};
/* End PBXTargetDependency section */

/* Begin XCBuildConfiguration section */
		89BC06B82B8A70F700F11463 /* Debug */ = {
			isa = XCBuildConfiguration;
			buildSettings = {
				ALWAYS_SEARCH_USER_PATHS = NO;
				ASSETCATALOG_COMPILER_GENERATE_SWIFT_ASSET_SYMBOL_EXTENSIONS = YES;
				CLANG_ANALYZER_NONNULL = YES;
				CLANG_ANALYZER_NUMBER_OBJECT_CONVERSION = YES_AGGRESSIVE;
				CLANG_CXX_LANGUAGE_STANDARD = "gnu++20";
				CLANG_ENABLE_MODULES = YES;
				CLANG_ENABLE_OBJC_ARC = YES;
				CLANG_ENABLE_OBJC_WEAK = YES;
				CLANG_WARN_BLOCK_CAPTURE_AUTORELEASING = YES;
				CLANG_WARN_BOOL_CONVERSION = YES;
				CLANG_WARN_COMMA = YES;
				CLANG_WARN_CONSTANT_CONVERSION = YES;
				CLANG_WARN_DEPRECATED_OBJC_IMPLEMENTATIONS = YES;
				CLANG_WARN_DIRECT_OBJC_ISA_USAGE = YES_ERROR;
				CLANG_WARN_DOCUMENTATION_COMMENTS = YES;
				CLANG_WARN_EMPTY_BODY = YES;
				CLANG_WARN_ENUM_CONVERSION = YES;
				CLANG_WARN_INFINITE_RECURSION = YES;
				CLANG_WARN_INT_CONVERSION = YES;
				CLANG_WARN_NON_LITERAL_NULL_CONVERSION = YES;
				CLANG_WARN_OBJC_IMPLICIT_RETAIN_SELF = YES;
				CLANG_WARN_OBJC_LITERAL_CONVERSION = YES;
				CLANG_WARN_OBJC_ROOT_CLASS = YES_ERROR;
				CLANG_WARN_QUOTED_INCLUDE_IN_FRAMEWORK_HEADER = YES;
				CLANG_WARN_RANGE_LOOP_ANALYSIS = YES;
				CLANG_WARN_STRICT_PROTOTYPES = YES;
				CLANG_WARN_SUSPICIOUS_MOVE = YES;
				CLANG_WARN_UNGUARDED_AVAILABILITY = YES_AGGRESSIVE;
				CLANG_WARN_UNREACHABLE_CODE = YES;
				CLANG_WARN__DUPLICATE_METHOD_MATCH = YES;
				COPY_PHASE_STRIP = NO;
				DEBUG_INFORMATION_FORMAT = dwarf;
				ENABLE_STRICT_OBJC_MSGSEND = YES;
				ENABLE_TESTABILITY = YES;
				ENABLE_USER_SCRIPT_SANDBOXING = YES;
				GCC_C_LANGUAGE_STANDARD = gnu17;
				GCC_DYNAMIC_NO_PIC = NO;
				GCC_NO_COMMON_BLOCKS = YES;
				GCC_OPTIMIZATION_LEVEL = 0;
				GCC_PREPROCESSOR_DEFINITIONS = (
					"DEBUG=1",
					"$(inherited)",
				);
				GCC_WARN_64_TO_32_BIT_CONVERSION = YES;
				GCC_WARN_ABOUT_RETURN_TYPE = YES_ERROR;
				GCC_WARN_UNDECLARED_SELECTOR = YES;
				GCC_WARN_UNINITIALIZED_AUTOS = YES_AGGRESSIVE;
				GCC_WARN_UNUSED_FUNCTION = YES;
				GCC_WARN_UNUSED_VARIABLE = YES;
				IPHONEOS_DEPLOYMENT_TARGET = 17.2;
				LOCALIZATION_PREFERS_STRING_CATALOGS = YES;
				MTL_ENABLE_DEBUG_INFO = INCLUDE_SOURCE;
				MTL_FAST_MATH = YES;
				ONLY_ACTIVE_ARCH = YES;
				SDKROOT = iphoneos;
				SWIFT_ACTIVE_COMPILATION_CONDITIONS = "DEBUG $(inherited)";
				SWIFT_OPTIMIZATION_LEVEL = "-Onone";
			};
			name = Debug;
		};
		89BC06B92B8A70F700F11463 /* Release */ = {
			isa = XCBuildConfiguration;
			buildSettings = {
				ALWAYS_SEARCH_USER_PATHS = NO;
				ASSETCATALOG_COMPILER_GENERATE_SWIFT_ASSET_SYMBOL_EXTENSIONS = YES;
				CLANG_ANALYZER_NONNULL = YES;
				CLANG_ANALYZER_NUMBER_OBJECT_CONVERSION = YES_AGGRESSIVE;
				CLANG_CXX_LANGUAGE_STANDARD = "gnu++20";
				CLANG_ENABLE_MODULES = YES;
				CLANG_ENABLE_OBJC_ARC = YES;
				CLANG_ENABLE_OBJC_WEAK = YES;
				CLANG_WARN_BLOCK_CAPTURE_AUTORELEASING = YES;
				CLANG_WARN_BOOL_CONVERSION = YES;
				CLANG_WARN_COMMA = YES;
				CLANG_WARN_CONSTANT_CONVERSION = YES;
				CLANG_WARN_DEPRECATED_OBJC_IMPLEMENTATIONS = YES;
				CLANG_WARN_DIRECT_OBJC_ISA_USAGE = YES_ERROR;
				CLANG_WARN_DOCUMENTATION_COMMENTS = YES;
				CLANG_WARN_EMPTY_BODY = YES;
				CLANG_WARN_ENUM_CONVERSION = YES;
				CLANG_WARN_INFINITE_RECURSION = YES;
				CLANG_WARN_INT_CONVERSION = YES;
				CLANG_WARN_NON_LITERAL_NULL_CONVERSION = YES;
				CLANG_WARN_OBJC_IMPLICIT_RETAIN_SELF = YES;
				CLANG_WARN_OBJC_LITERAL_CONVERSION = YES;
				CLANG_WARN_OBJC_ROOT_CLASS = YES_ERROR;
				CLANG_WARN_QUOTED_INCLUDE_IN_FRAMEWORK_HEADER = YES;
				CLANG_WARN_RANGE_LOOP_ANALYSIS = YES;
				CLANG_WARN_STRICT_PROTOTYPES = YES;
				CLANG_WARN_SUSPICIOUS_MOVE = YES;
				CLANG_WARN_UNGUARDED_AVAILABILITY = YES_AGGRESSIVE;
				CLANG_WARN_UNREACHABLE_CODE = YES;
				CLANG_WARN__DUPLICATE_METHOD_MATCH = YES;
				COPY_PHASE_STRIP = NO;
				DEBUG_INFORMATION_FORMAT = "dwarf-with-dsym";
				ENABLE_NS_ASSERTIONS = NO;
				ENABLE_STRICT_OBJC_MSGSEND = YES;
				ENABLE_USER_SCRIPT_SANDBOXING = YES;
				GCC_C_LANGUAGE_STANDARD = gnu17;
				GCC_NO_COMMON_BLOCKS = YES;
				GCC_WARN_64_TO_32_BIT_CONVERSION = YES;
				GCC_WARN_ABOUT_RETURN_TYPE = YES_ERROR;
				GCC_WARN_UNDECLARED_SELECTOR = YES;
				GCC_WARN_UNINITIALIZED_AUTOS = YES_AGGRESSIVE;
				GCC_WARN_UNUSED_FUNCTION = YES;
				GCC_WARN_UNUSED_VARIABLE = YES;
				IPHONEOS_DEPLOYMENT_TARGET = 17.2;
				LOCALIZATION_PREFERS_STRING_CATALOGS = YES;
				MTL_ENABLE_DEBUG_INFO = NO;
				MTL_FAST_MATH = YES;
				SDKROOT = iphoneos;
				SWIFT_COMPILATION_MODE = wholemodule;
				VALIDATE_PRODUCT = YES;
			};
			name = Release;
		};
		89BC06BB2B8A70F700F11463 /* Debug */ = {
			isa = XCBuildConfiguration;
			buildSettings = {
				ASSETCATALOG_COMPILER_APPICON_NAME = AppIcon;
				ASSETCATALOG_COMPILER_GLOBAL_ACCENT_COLOR_NAME = AccentColor;
				CODE_SIGN_STYLE = Automatic;
				CURRENT_PROJECT_VERSION = 1;
				DEVELOPMENT_ASSET_PATHS = "\"mindful-moments/Preview Content\"";
				DEVELOPMENT_TEAM = A37L5N2QU9;
				ENABLE_PREVIEWS = YES;
				GENERATE_INFOPLIST_FILE = YES;
				INFOPLIST_KEY_CFBundleDisplayName = "Mindful Moments";
				INFOPLIST_KEY_LSApplicationCategoryType = "public.app-category.healthcare-fitness";
				INFOPLIST_KEY_UIApplicationSceneManifest_Generation = YES;
				INFOPLIST_KEY_UIApplicationSupportsIndirectInputEvents = YES;
				INFOPLIST_KEY_UILaunchScreen_Generation = YES;
				INFOPLIST_KEY_UISupportedInterfaceOrientations_iPad = "UIInterfaceOrientationPortrait UIInterfaceOrientationPortraitUpsideDown UIInterfaceOrientationLandscapeLeft UIInterfaceOrientationLandscapeRight";
				INFOPLIST_KEY_UISupportedInterfaceOrientations_iPhone = "UIInterfaceOrientationPortrait UIInterfaceOrientationLandscapeLeft UIInterfaceOrientationLandscapeRight";
				LD_RUNPATH_SEARCH_PATHS = (
					"$(inherited)",
					"@executable_path/Frameworks",
				);
				MARKETING_VERSION = 1.0;
				PRODUCT_BUNDLE_IDENTIFIER = "com.mindful-moments";
				PRODUCT_NAME = "$(TARGET_NAME)";
				SWIFT_EMIT_LOC_STRINGS = YES;
				SWIFT_VERSION = 5.0;
				TARGETED_DEVICE_FAMILY = "1,2";
			};
			name = Debug;
		};
		89BC06BC2B8A70F700F11463 /* Release */ = {
			isa = XCBuildConfiguration;
			buildSettings = {
				ASSETCATALOG_COMPILER_APPICON_NAME = AppIcon;
				ASSETCATALOG_COMPILER_GLOBAL_ACCENT_COLOR_NAME = AccentColor;
				CODE_SIGN_STYLE = Automatic;
				CURRENT_PROJECT_VERSION = 1;
				DEVELOPMENT_ASSET_PATHS = "\"mindful-moments/Preview Content\"";
				DEVELOPMENT_TEAM = A37L5N2QU9;
				ENABLE_PREVIEWS = YES;
				GENERATE_INFOPLIST_FILE = YES;
				INFOPLIST_KEY_CFBundleDisplayName = "Mindful Moments";
				INFOPLIST_KEY_LSApplicationCategoryType = "public.app-category.healthcare-fitness";
				INFOPLIST_KEY_UIApplicationSceneManifest_Generation = YES;
				INFOPLIST_KEY_UIApplicationSupportsIndirectInputEvents = YES;
				INFOPLIST_KEY_UILaunchScreen_Generation = YES;
				INFOPLIST_KEY_UISupportedInterfaceOrientations_iPad = "UIInterfaceOrientationPortrait UIInterfaceOrientationPortraitUpsideDown UIInterfaceOrientationLandscapeLeft UIInterfaceOrientationLandscapeRight";
				INFOPLIST_KEY_UISupportedInterfaceOrientations_iPhone = "UIInterfaceOrientationPortrait UIInterfaceOrientationLandscapeLeft UIInterfaceOrientationLandscapeRight";
				LD_RUNPATH_SEARCH_PATHS = (
					"$(inherited)",
					"@executable_path/Frameworks",
				);
				MARKETING_VERSION = 1.0;
				PRODUCT_BUNDLE_IDENTIFIER = "com.mindful-moments";
				PRODUCT_NAME = "$(TARGET_NAME)";
				SWIFT_EMIT_LOC_STRINGS = YES;
				SWIFT_VERSION = 5.0;
				TARGETED_DEVICE_FAMILY = "1,2";
			};
			name = Release;
		};
		89BC06BE2B8A70F700F11463 /* Debug */ = {
			isa = XCBuildConfiguration;
			buildSettings = {
				ALWAYS_EMBED_SWIFT_STANDARD_LIBRARIES = YES;
				BUNDLE_LOADER = "$(TEST_HOST)";
				CODE_SIGN_STYLE = Automatic;
				CURRENT_PROJECT_VERSION = 1;
				DEVELOPMENT_TEAM = CGUBF647PZ;
				GENERATE_INFOPLIST_FILE = YES;
				IPHONEOS_DEPLOYMENT_TARGET = 17.2;
				MARKETING_VERSION = 1.0;
				PRODUCT_BUNDLE_IDENTIFIER = "com.mindful-momentsTests";
				PRODUCT_NAME = "$(TARGET_NAME)";
				SWIFT_EMIT_LOC_STRINGS = NO;
				SWIFT_VERSION = 5.0;
				TARGETED_DEVICE_FAMILY = "1,2";
				TEST_HOST = "$(BUILT_PRODUCTS_DIR)/mindful-moments.app/$(BUNDLE_EXECUTABLE_FOLDER_PATH)/mindful-moments";
			};
			name = Debug;
		};
		89BC06BF2B8A70F700F11463 /* Release */ = {
			isa = XCBuildConfiguration;
			buildSettings = {
				ALWAYS_EMBED_SWIFT_STANDARD_LIBRARIES = YES;
				BUNDLE_LOADER = "$(TEST_HOST)";
				CODE_SIGN_STYLE = Automatic;
				CURRENT_PROJECT_VERSION = 1;
				DEVELOPMENT_TEAM = CGUBF647PZ;
				GENERATE_INFOPLIST_FILE = YES;
				IPHONEOS_DEPLOYMENT_TARGET = 17.2;
				MARKETING_VERSION = 1.0;
				PRODUCT_BUNDLE_IDENTIFIER = "com.mindful-momentsTests";
				PRODUCT_NAME = "$(TARGET_NAME)";
				SWIFT_EMIT_LOC_STRINGS = NO;
				SWIFT_VERSION = 5.0;
				TARGETED_DEVICE_FAMILY = "1,2";
				TEST_HOST = "$(BUILT_PRODUCTS_DIR)/mindful-moments.app/$(BUNDLE_EXECUTABLE_FOLDER_PATH)/mindful-moments";
			};
			name = Release;
		};
		89BC06C12B8A70F700F11463 /* Debug */ = {
			isa = XCBuildConfiguration;
			buildSettings = {
				ALWAYS_EMBED_SWIFT_STANDARD_LIBRARIES = YES;
				CODE_SIGN_STYLE = Automatic;
				CURRENT_PROJECT_VERSION = 1;
				DEVELOPMENT_TEAM = CGUBF647PZ;
				GENERATE_INFOPLIST_FILE = YES;
				MARKETING_VERSION = 1.0;
				PRODUCT_BUNDLE_IDENTIFIER = "com.mindful-momentsUITests";
				PRODUCT_NAME = "$(TARGET_NAME)";
				SWIFT_EMIT_LOC_STRINGS = NO;
				SWIFT_VERSION = 5.0;
				TARGETED_DEVICE_FAMILY = "1,2";
				TEST_TARGET_NAME = "mindful-moments";
			};
			name = Debug;
		};
		89BC06C22B8A70F700F11463 /* Release */ = {
			isa = XCBuildConfiguration;
			buildSettings = {
				ALWAYS_EMBED_SWIFT_STANDARD_LIBRARIES = YES;
				CODE_SIGN_STYLE = Automatic;
				CURRENT_PROJECT_VERSION = 1;
				DEVELOPMENT_TEAM = CGUBF647PZ;
				GENERATE_INFOPLIST_FILE = YES;
				MARKETING_VERSION = 1.0;
				PRODUCT_BUNDLE_IDENTIFIER = "com.mindful-momentsUITests";
				PRODUCT_NAME = "$(TARGET_NAME)";
				SWIFT_EMIT_LOC_STRINGS = NO;
				SWIFT_VERSION = 5.0;
				TARGETED_DEVICE_FAMILY = "1,2";
				TEST_TARGET_NAME = "mindful-moments";
			};
			name = Release;
		};
/* End XCBuildConfiguration section */

/* Begin XCConfigurationList section */
		89BC06912B8A70F300F11463 /* Build configuration list for PBXProject "mindful-moments" */ = {
			isa = XCConfigurationList;
			buildConfigurations = (
				89BC06B82B8A70F700F11463 /* Debug */,
				89BC06B92B8A70F700F11463 /* Release */,
			);
			defaultConfigurationIsVisible = 0;
			defaultConfigurationName = Release;
		};
		89BC06BA2B8A70F700F11463 /* Build configuration list for PBXNativeTarget "mindful-moments" */ = {
			isa = XCConfigurationList;
			buildConfigurations = (
				89BC06BB2B8A70F700F11463 /* Debug */,
				89BC06BC2B8A70F700F11463 /* Release */,
			);
			defaultConfigurationIsVisible = 0;
			defaultConfigurationName = Release;
		};
		89BC06BD2B8A70F700F11463 /* Build configuration list for PBXNativeTarget "mindful-momentsTests" */ = {
			isa = XCConfigurationList;
			buildConfigurations = (
				89BC06BE2B8A70F700F11463 /* Debug */,
				89BC06BF2B8A70F700F11463 /* Release */,
			);
			defaultConfigurationIsVisible = 0;
			defaultConfigurationName = Release;
		};
		89BC06C02B8A70F700F11463 /* Build configuration list for PBXNativeTarget "mindful-momentsUITests" */ = {
			isa = XCConfigurationList;
			buildConfigurations = (
				89BC06C12B8A70F700F11463 /* Debug */,
				89BC06C22B8A70F700F11463 /* Release */,
			);
			defaultConfigurationIsVisible = 0;
			defaultConfigurationName = Release;
		};
/* End XCConfigurationList section */

/* Begin XCVersionGroup section */
		01C3F09B2BC3353800B88E53 /* JournalModel.xcdatamodeld */ = {
			isa = XCVersionGroup;
			children = (
				01C3F09C2BC3353800B88E53 /* JournalModel.xcdatamodel */,
			);
			currentVersion = 01C3F09C2BC3353800B88E53 /* JournalModel.xcdatamodel */;
			name = JournalModel.xcdatamodeld;
			path = "/Users/nick/Documents/GitHub/mindful-moments/mindful-moments/mindful-moments/DataModel/JournalModel.xcdatamodeld";
			sourceTree = "<group>";
			versionGroupType = wrapper.xcdatamodel;
		};
/* End XCVersionGroup section */
	};
	rootObject = 89BC068E2B8A70F300F11463 /* Project object */;
}
